
Microsoft Visual Studio Solution File, Format Version 12.00
# Visual Studio Version 16
VisualStudioVersion = 16.0.30615.102
MinimumVisualStudioVersion = 10.0.40219.1
Project("{D954291E-2A0B-460D-934E-DC6B0785DB48}") = "UnoAppLab.Shared", "UnoAppLab\UnoAppLab.Shared\UnoAppLab.Shared.shproj", "{6279C845-92F8-4333-AB99-3D213163593C}"
EndProject
Project("{FAE04EC0-301F-11D3-BF4B-00C04F79EFBC}") = "UnoAppLab.Droid", "UnoAppLab\UnoAppLab.Droid\UnoAppLab.Droid.csproj", "{DC99DCB8-649E-46F6-9B31-E93935E7CDD2}"
EndProject
Project("{FAE04EC0-301F-11D3-BF4B-00C04F79EFBC}") = "UnoAppLab.iOS", "UnoAppLab\UnoAppLab.iOS\UnoAppLab.iOS.csproj", "{C2E04A46-5048-4FD3-B963-CF7ACC0A3C20}"
EndProject
Project("{FAE04EC0-301F-11D3-BF4B-00C04F79EFBC}") = "UnoAppLab.UWP", "UnoAppLab\UnoAppLab.UWP\UnoAppLab.UWP.csproj", "{D6839D29-8C5B-461F-A23D-BF24BC1523A5}"
EndProject
Project("{FAE04EC0-301F-11D3-BF4B-00C04F79EFBC}") = "UnoAppLab.Wasm", "UnoAppLab\UnoAppLab.Wasm\UnoAppLab.Wasm.csproj", "{8E4F8698-E005-4F85-8472-C4180BF68F3E}"
EndProject
Project("{FAE04EC0-301F-11D3-BF4B-00C04F79EFBC}") = "UnoAppLab.macOS", "UnoAppLab\UnoAppLab.macOS\UnoAppLab.macOS.csproj", "{C650F782-E9A3-4B96-8AE2-178D3127ACE1}"
EndProject
Project("{FAE04EC0-301F-11D3-BF4B-00C04F79EFBC}") = "UnoAppLab.Skia.Wpf.Host", "UnoAppLab\UnoAppLab.Skia.Wpf.Host\UnoAppLab.Skia.Wpf.Host.csproj", "{2454338B-DF70-41F3-8532-5E2123739D8C}"
EndProject
Project("{FAE04EC0-301F-11D3-BF4B-00C04F79EFBC}") = "UnoAppLab.Skia.Wpf", "UnoAppLab\UnoAppLab.Skia.Wpf\UnoAppLab.Skia.Wpf.csproj", "{CE4BDEA9-D44B-4A42-955A-413C1EC5867A}"
EndProject
Project("{FAE04EC0-301F-11D3-BF4B-00C04F79EFBC}") = "UnoAppLab.Skia.Gtk", "UnoAppLab\UnoAppLab.Skia.Gtk\UnoAppLab.Skia.Gtk.csproj", "{89F64849-5B0A-4D18-9358-5EB897B9E947}"
EndProject
Global
	GlobalSection(SharedMSBuildProjectFiles) = preSolution
		UnoAppLab\UnoAppLab.Shared\UnoAppLab.Shared.projitems*{6279c845-92f8-4333-ab99-3d213163593c}*SharedItemsImports = 13
		UnoAppLab\UnoAppLab.Shared\UnoAppLab.Shared.projitems*{89f64849-5b0a-4d18-9358-5eb897b9e947}*SharedItemsImports = 5
		UnoAppLab\UnoAppLab.Shared\UnoAppLab.Shared.projitems*{8e4f8698-e005-4f85-8472-c4180bf68f3e}*SharedItemsImports = 5
		UnoAppLab\UnoAppLab.Shared\UnoAppLab.Shared.projitems*{c2e04a46-5048-4fd3-b963-cf7acc0a3c20}*SharedItemsImports = 4
		UnoAppLab\UnoAppLab.Shared\UnoAppLab.Shared.projitems*{c650f782-e9a3-4b96-8ae2-178d3127ace1}*SharedItemsImports = 4
		UnoAppLab\UnoAppLab.Shared\UnoAppLab.Shared.projitems*{ce4bdea9-d44b-4a42-955a-413c1ec5867a}*SharedItemsImports = 5
		UnoAppLab\UnoAppLab.Shared\UnoAppLab.Shared.projitems*{d6839d29-8c5b-461f-a23d-bf24bc1523a5}*SharedItemsImports = 4
		UnoAppLab\UnoAppLab.Shared\UnoAppLab.Shared.projitems*{dc99dcb8-649e-46f6-9b31-e93935e7cdd2}*SharedItemsImports = 4
	EndGlobalSection
	GlobalSection(SolutionConfigurationPlatforms) = preSolution
		Ad-Hoc|Any CPU = Ad-Hoc|Any CPU
		Ad-Hoc|ARM = Ad-Hoc|ARM
		Ad-Hoc|ARM64 = Ad-Hoc|ARM64
		Ad-Hoc|iPhone = Ad-Hoc|iPhone
		Ad-Hoc|iPhoneSimulator = Ad-Hoc|iPhoneSimulator
		Ad-Hoc|x64 = Ad-Hoc|x64
		Ad-Hoc|x86 = Ad-Hoc|x86
		AppStore|Any CPU = AppStore|Any CPU
		AppStore|ARM = AppStore|ARM
		AppStore|ARM64 = AppStore|ARM64
		AppStore|iPhone = AppStore|iPhone
		AppStore|iPhoneSimulator = AppStore|iPhoneSimulator
		AppStore|x64 = AppStore|x64
		AppStore|x86 = AppStore|x86
		Debug|Any CPU = Debug|Any CPU
		Debug|ARM = Debug|ARM
		Debug|ARM64 = Debug|ARM64
		Debug|iPhone = Debug|iPhone
		Debug|iPhoneSimulator = Debug|iPhoneSimulator
		Debug|x64 = Debug|x64
		Debug|x86 = Debug|x86
		Release|Any CPU = Release|Any CPU
		Release|ARM = Release|ARM
		Release|ARM64 = Release|ARM64
		Release|iPhone = Release|iPhone
		Release|iPhoneSimulator = Release|iPhoneSimulator
		Release|x64 = Release|x64
		Release|x86 = Release|x86
	EndGlobalSection
	GlobalSection(ProjectConfigurationPlatforms) = postSolution
		{DC99DCB8-649E-46F6-9B31-E93935E7CDD2}.Ad-Hoc|Any CPU.ActiveCfg = Debug|Any CPU
		{DC99DCB8-649E-46F6-9B31-E93935E7CDD2}.Ad-Hoc|Any CPU.Build.0 = Debug|Any CPU
		{DC99DCB8-649E-46F6-9B31-E93935E7CDD2}.Ad-Hoc|Any CPU.Deploy.0 = Debug|Any CPU
		{DC99DCB8-649E-46F6-9B31-E93935E7CDD2}.Ad-Hoc|ARM.ActiveCfg = Debug|Any CPU
		{DC99DCB8-649E-46F6-9B31-E93935E7CDD2}.Ad-Hoc|ARM.Build.0 = Debug|Any CPU
		{DC99DCB8-649E-46F6-9B31-E93935E7CDD2}.Ad-Hoc|ARM.Deploy.0 = Debug|Any CPU
		{DC99DCB8-649E-46F6-9B31-E93935E7CDD2}.Ad-Hoc|ARM64.ActiveCfg = Debug|Any CPU
		{DC99DCB8-649E-46F6-9B31-E93935E7CDD2}.Ad-Hoc|ARM64.Build.0 = Debug|Any CPU
		{DC99DCB8-649E-46F6-9B31-E93935E7CDD2}.Ad-Hoc|ARM64.Deploy.0 = Debug|Any CPU
		{DC99DCB8-649E-46F6-9B31-E93935E7CDD2}.Ad-Hoc|iPhone.ActiveCfg = Debug|Any CPU
		{DC99DCB8-649E-46F6-9B31-E93935E7CDD2}.Ad-Hoc|iPhone.Build.0 = Debug|Any CPU
		{DC99DCB8-649E-46F6-9B31-E93935E7CDD2}.Ad-Hoc|iPhone.Deploy.0 = Debug|Any CPU
		{DC99DCB8-649E-46F6-9B31-E93935E7CDD2}.Ad-Hoc|iPhoneSimulator.ActiveCfg = Debug|Any CPU
		{DC99DCB8-649E-46F6-9B31-E93935E7CDD2}.Ad-Hoc|iPhoneSimulator.Build.0 = Debug|Any CPU
		{DC99DCB8-649E-46F6-9B31-E93935E7CDD2}.Ad-Hoc|iPhoneSimulator.Deploy.0 = Debug|Any CPU
		{DC99DCB8-649E-46F6-9B31-E93935E7CDD2}.Ad-Hoc|x64.ActiveCfg = Debug|Any CPU
		{DC99DCB8-649E-46F6-9B31-E93935E7CDD2}.Ad-Hoc|x64.Build.0 = Debug|Any CPU
		{DC99DCB8-649E-46F6-9B31-E93935E7CDD2}.Ad-Hoc|x64.Deploy.0 = Debug|Any CPU
		{DC99DCB8-649E-46F6-9B31-E93935E7CDD2}.Ad-Hoc|x86.ActiveCfg = Debug|Any CPU
		{DC99DCB8-649E-46F6-9B31-E93935E7CDD2}.Ad-Hoc|x86.Build.0 = Debug|Any CPU
		{DC99DCB8-649E-46F6-9B31-E93935E7CDD2}.Ad-Hoc|x86.Deploy.0 = Debug|Any CPU
		{DC99DCB8-649E-46F6-9B31-E93935E7CDD2}.AppStore|Any CPU.ActiveCfg = Debug|Any CPU
		{DC99DCB8-649E-46F6-9B31-E93935E7CDD2}.AppStore|Any CPU.Build.0 = Debug|Any CPU
		{DC99DCB8-649E-46F6-9B31-E93935E7CDD2}.AppStore|Any CPU.Deploy.0 = Debug|Any CPU
		{DC99DCB8-649E-46F6-9B31-E93935E7CDD2}.AppStore|ARM.ActiveCfg = Debug|Any CPU
		{DC99DCB8-649E-46F6-9B31-E93935E7CDD2}.AppStore|ARM.Build.0 = Debug|Any CPU
		{DC99DCB8-649E-46F6-9B31-E93935E7CDD2}.AppStore|ARM.Deploy.0 = Debug|Any CPU
		{DC99DCB8-649E-46F6-9B31-E93935E7CDD2}.AppStore|ARM64.ActiveCfg = Debug|Any CPU
		{DC99DCB8-649E-46F6-9B31-E93935E7CDD2}.AppStore|ARM64.Build.0 = Debug|Any CPU
		{DC99DCB8-649E-46F6-9B31-E93935E7CDD2}.AppStore|ARM64.Deploy.0 = Debug|Any CPU
		{DC99DCB8-649E-46F6-9B31-E93935E7CDD2}.AppStore|iPhone.ActiveCfg = Debug|Any CPU
		{DC99DCB8-649E-46F6-9B31-E93935E7CDD2}.AppStore|iPhone.Build.0 = Debug|Any CPU
		{DC99DCB8-649E-46F6-9B31-E93935E7CDD2}.AppStore|iPhone.Deploy.0 = Debug|Any CPU
		{DC99DCB8-649E-46F6-9B31-E93935E7CDD2}.AppStore|iPhoneSimulator.ActiveCfg = Debug|Any CPU
		{DC99DCB8-649E-46F6-9B31-E93935E7CDD2}.AppStore|iPhoneSimulator.Build.0 = Debug|Any CPU
		{DC99DCB8-649E-46F6-9B31-E93935E7CDD2}.AppStore|iPhoneSimulator.Deploy.0 = Debug|Any CPU
		{DC99DCB8-649E-46F6-9B31-E93935E7CDD2}.AppStore|x64.ActiveCfg = Debug|Any CPU
		{DC99DCB8-649E-46F6-9B31-E93935E7CDD2}.AppStore|x64.Build.0 = Debug|Any CPU
		{DC99DCB8-649E-46F6-9B31-E93935E7CDD2}.AppStore|x64.Deploy.0 = Debug|Any CPU
		{DC99DCB8-649E-46F6-9B31-E93935E7CDD2}.AppStore|x86.ActiveCfg = Debug|Any CPU
		{DC99DCB8-649E-46F6-9B31-E93935E7CDD2}.AppStore|x86.Build.0 = Debug|Any CPU
		{DC99DCB8-649E-46F6-9B31-E93935E7CDD2}.AppStore|x86.Deploy.0 = Debug|Any CPU
		{DC99DCB8-649E-46F6-9B31-E93935E7CDD2}.Debug|Any CPU.ActiveCfg = Debug|Any CPU
		{DC99DCB8-649E-46F6-9B31-E93935E7CDD2}.Debug|Any CPU.Build.0 = Debug|Any CPU
		{DC99DCB8-649E-46F6-9B31-E93935E7CDD2}.Debug|Any CPU.Deploy.0 = Debug|Any CPU
		{DC99DCB8-649E-46F6-9B31-E93935E7CDD2}.Debug|ARM.ActiveCfg = Debug|Any CPU
		{DC99DCB8-649E-46F6-9B31-E93935E7CDD2}.Debug|ARM.Build.0 = Debug|Any CPU
		{DC99DCB8-649E-46F6-9B31-E93935E7CDD2}.Debug|ARM.Deploy.0 = Debug|Any CPU
		{DC99DCB8-649E-46F6-9B31-E93935E7CDD2}.Debug|ARM64.ActiveCfg = Debug|Any CPU
		{DC99DCB8-649E-46F6-9B31-E93935E7CDD2}.Debug|ARM64.Build.0 = Debug|Any CPU
		{DC99DCB8-649E-46F6-9B31-E93935E7CDD2}.Debug|ARM64.Deploy.0 = Debug|Any CPU
		{DC99DCB8-649E-46F6-9B31-E93935E7CDD2}.Debug|iPhone.ActiveCfg = Debug|Any CPU
		{DC99DCB8-649E-46F6-9B31-E93935E7CDD2}.Debug|iPhone.Build.0 = Debug|Any CPU
		{DC99DCB8-649E-46F6-9B31-E93935E7CDD2}.Debug|iPhone.Deploy.0 = Debug|Any CPU
		{DC99DCB8-649E-46F6-9B31-E93935E7CDD2}.Debug|iPhoneSimulator.ActiveCfg = Debug|Any CPU
		{DC99DCB8-649E-46F6-9B31-E93935E7CDD2}.Debug|iPhoneSimulator.Build.0 = Debug|Any CPU
		{DC99DCB8-649E-46F6-9B31-E93935E7CDD2}.Debug|iPhoneSimulator.Deploy.0 = Debug|Any CPU
		{DC99DCB8-649E-46F6-9B31-E93935E7CDD2}.Debug|x64.ActiveCfg = Debug|Any CPU
		{DC99DCB8-649E-46F6-9B31-E93935E7CDD2}.Debug|x64.Build.0 = Debug|Any CPU
		{DC99DCB8-649E-46F6-9B31-E93935E7CDD2}.Debug|x64.Deploy.0 = Debug|Any CPU
		{DC99DCB8-649E-46F6-9B31-E93935E7CDD2}.Debug|x86.ActiveCfg = Debug|Any CPU
		{DC99DCB8-649E-46F6-9B31-E93935E7CDD2}.Debug|x86.Build.0 = Debug|Any CPU
		{DC99DCB8-649E-46F6-9B31-E93935E7CDD2}.Debug|x86.Deploy.0 = Debug|Any CPU
		{DC99DCB8-649E-46F6-9B31-E93935E7CDD2}.Release|Any CPU.ActiveCfg = Release|Any CPU
		{DC99DCB8-649E-46F6-9B31-E93935E7CDD2}.Release|Any CPU.Build.0 = Release|Any CPU
		{DC99DCB8-649E-46F6-9B31-E93935E7CDD2}.Release|Any CPU.Deploy.0 = Release|Any CPU
		{DC99DCB8-649E-46F6-9B31-E93935E7CDD2}.Release|ARM.ActiveCfg = Release|Any CPU
		{DC99DCB8-649E-46F6-9B31-E93935E7CDD2}.Release|ARM.Build.0 = Release|Any CPU
		{DC99DCB8-649E-46F6-9B31-E93935E7CDD2}.Release|ARM.Deploy.0 = Release|Any CPU
		{DC99DCB8-649E-46F6-9B31-E93935E7CDD2}.Release|ARM64.ActiveCfg = Release|Any CPU
		{DC99DCB8-649E-46F6-9B31-E93935E7CDD2}.Release|ARM64.Build.0 = Release|Any CPU
		{DC99DCB8-649E-46F6-9B31-E93935E7CDD2}.Release|ARM64.Deploy.0 = Release|Any CPU
		{DC99DCB8-649E-46F6-9B31-E93935E7CDD2}.Release|iPhone.ActiveCfg = Release|Any CPU
		{DC99DCB8-649E-46F6-9B31-E93935E7CDD2}.Release|iPhone.Build.0 = Release|Any CPU
		{DC99DCB8-649E-46F6-9B31-E93935E7CDD2}.Release|iPhone.Deploy.0 = Release|Any CPU
		{DC99DCB8-649E-46F6-9B31-E93935E7CDD2}.Release|iPhoneSimulator.ActiveCfg = Release|Any CPU
		{DC99DCB8-649E-46F6-9B31-E93935E7CDD2}.Release|iPhoneSimulator.Build.0 = Release|Any CPU
		{DC99DCB8-649E-46F6-9B31-E93935E7CDD2}.Release|iPhoneSimulator.Deploy.0 = Release|Any CPU
		{DC99DCB8-649E-46F6-9B31-E93935E7CDD2}.Release|x64.ActiveCfg = Release|Any CPU
		{DC99DCB8-649E-46F6-9B31-E93935E7CDD2}.Release|x64.Build.0 = Release|Any CPU
		{DC99DCB8-649E-46F6-9B31-E93935E7CDD2}.Release|x64.Deploy.0 = Release|Any CPU
		{DC99DCB8-649E-46F6-9B31-E93935E7CDD2}.Release|x86.ActiveCfg = Release|Any CPU
		{DC99DCB8-649E-46F6-9B31-E93935E7CDD2}.Release|x86.Build.0 = Release|Any CPU
		{DC99DCB8-649E-46F6-9B31-E93935E7CDD2}.Release|x86.Deploy.0 = Release|Any CPU
		{C2E04A46-5048-4FD3-B963-CF7ACC0A3C20}.Ad-Hoc|Any CPU.ActiveCfg = Ad-Hoc|iPhoneSimulator
		{C2E04A46-5048-4FD3-B963-CF7ACC0A3C20}.Ad-Hoc|ARM.ActiveCfg = Ad-Hoc|iPhoneSimulator
		{C2E04A46-5048-4FD3-B963-CF7ACC0A3C20}.Ad-Hoc|ARM64.ActiveCfg = Ad-Hoc|iPhoneSimulator
		{C2E04A46-5048-4FD3-B963-CF7ACC0A3C20}.Ad-Hoc|iPhone.ActiveCfg = Ad-Hoc|iPhone
		{C2E04A46-5048-4FD3-B963-CF7ACC0A3C20}.Ad-Hoc|iPhone.Build.0 = Ad-Hoc|iPhone
		{C2E04A46-5048-4FD3-B963-CF7ACC0A3C20}.Ad-Hoc|iPhoneSimulator.ActiveCfg = Ad-Hoc|iPhoneSimulator
		{C2E04A46-5048-4FD3-B963-CF7ACC0A3C20}.Ad-Hoc|iPhoneSimulator.Build.0 = Ad-Hoc|iPhoneSimulator
		{C2E04A46-5048-4FD3-B963-CF7ACC0A3C20}.Ad-Hoc|x64.ActiveCfg = Ad-Hoc|iPhoneSimulator
		{C2E04A46-5048-4FD3-B963-CF7ACC0A3C20}.Ad-Hoc|x86.ActiveCfg = Ad-Hoc|iPhoneSimulator
		{C2E04A46-5048-4FD3-B963-CF7ACC0A3C20}.AppStore|Any CPU.ActiveCfg = AppStore|iPhoneSimulator
		{C2E04A46-5048-4FD3-B963-CF7ACC0A3C20}.AppStore|ARM.ActiveCfg = AppStore|iPhoneSimulator
		{C2E04A46-5048-4FD3-B963-CF7ACC0A3C20}.AppStore|ARM64.ActiveCfg = AppStore|iPhoneSimulator
		{C2E04A46-5048-4FD3-B963-CF7ACC0A3C20}.AppStore|iPhone.ActiveCfg = AppStore|iPhone
		{C2E04A46-5048-4FD3-B963-CF7ACC0A3C20}.AppStore|iPhone.Build.0 = AppStore|iPhone
		{C2E04A46-5048-4FD3-B963-CF7ACC0A3C20}.AppStore|iPhoneSimulator.ActiveCfg = AppStore|iPhoneSimulator
		{C2E04A46-5048-4FD3-B963-CF7ACC0A3C20}.AppStore|iPhoneSimulator.Build.0 = AppStore|iPhoneSimulator
		{C2E04A46-5048-4FD3-B963-CF7ACC0A3C20}.AppStore|x64.ActiveCfg = AppStore|iPhoneSimulator
		{C2E04A46-5048-4FD3-B963-CF7ACC0A3C20}.AppStore|x86.ActiveCfg = AppStore|iPhoneSimulator
		{C2E04A46-5048-4FD3-B963-CF7ACC0A3C20}.Debug|Any CPU.ActiveCfg = Debug|iPhoneSimulator
		{C2E04A46-5048-4FD3-B963-CF7ACC0A3C20}.Debug|ARM.ActiveCfg = Debug|iPhoneSimulator
		{C2E04A46-5048-4FD3-B963-CF7ACC0A3C20}.Debug|ARM64.ActiveCfg = Debug|iPhoneSimulator
		{C2E04A46-5048-4FD3-B963-CF7ACC0A3C20}.Debug|iPhone.ActiveCfg = Debug|iPhone
		{C2E04A46-5048-4FD3-B963-CF7ACC0A3C20}.Debug|iPhone.Build.0 = Debug|iPhone
		{C2E04A46-5048-4FD3-B963-CF7ACC0A3C20}.Debug|iPhoneSimulator.ActiveCfg = Debug|iPhoneSimulator
		{C2E04A46-5048-4FD3-B963-CF7ACC0A3C20}.Debug|iPhoneSimulator.Build.0 = Debug|iPhoneSimulator
		{C2E04A46-5048-4FD3-B963-CF7ACC0A3C20}.Debug|x64.ActiveCfg = Debug|iPhoneSimulator
		{C2E04A46-5048-4FD3-B963-CF7ACC0A3C20}.Debug|x86.ActiveCfg = Debug|iPhoneSimulator
		{C2E04A46-5048-4FD3-B963-CF7ACC0A3C20}.Release|Any CPU.ActiveCfg = Release|iPhoneSimulator
		{C2E04A46-5048-4FD3-B963-CF7ACC0A3C20}.Release|ARM.ActiveCfg = Release|iPhoneSimulator
		{C2E04A46-5048-4FD3-B963-CF7ACC0A3C20}.Release|ARM64.ActiveCfg = Release|iPhoneSimulator
		{C2E04A46-5048-4FD3-B963-CF7ACC0A3C20}.Release|iPhone.ActiveCfg = Release|iPhone
		{C2E04A46-5048-4FD3-B963-CF7ACC0A3C20}.Release|iPhone.Build.0 = Release|iPhone
		{C2E04A46-5048-4FD3-B963-CF7ACC0A3C20}.Release|iPhoneSimulator.ActiveCfg = Release|iPhoneSimulator
		{C2E04A46-5048-4FD3-B963-CF7ACC0A3C20}.Release|iPhoneSimulator.Build.0 = Release|iPhoneSimulator
		{C2E04A46-5048-4FD3-B963-CF7ACC0A3C20}.Release|x64.ActiveCfg = Release|iPhoneSimulator
		{C2E04A46-5048-4FD3-B963-CF7ACC0A3C20}.Release|x86.ActiveCfg = Release|iPhoneSimulator
		{D6839D29-8C5B-461F-A23D-BF24BC1523A5}.Ad-Hoc|Any CPU.ActiveCfg = Debug|x86
		{D6839D29-8C5B-461F-A23D-BF24BC1523A5}.Ad-Hoc|Any CPU.Build.0 = Debug|x86
		{D6839D29-8C5B-461F-A23D-BF24BC1523A5}.Ad-Hoc|Any CPU.Deploy.0 = Debug|x86
		{D6839D29-8C5B-461F-A23D-BF24BC1523A5}.Ad-Hoc|ARM.ActiveCfg = Debug|ARM
		{D6839D29-8C5B-461F-A23D-BF24BC1523A5}.Ad-Hoc|ARM.Build.0 = Debug|ARM
		{D6839D29-8C5B-461F-A23D-BF24BC1523A5}.Ad-Hoc|ARM.Deploy.0 = Debug|ARM
		{D6839D29-8C5B-461F-A23D-BF24BC1523A5}.Ad-Hoc|ARM64.ActiveCfg = Debug|ARM64
		{D6839D29-8C5B-461F-A23D-BF24BC1523A5}.Ad-Hoc|ARM64.Build.0 = Debug|ARM64
		{D6839D29-8C5B-461F-A23D-BF24BC1523A5}.Ad-Hoc|ARM64.Deploy.0 = Debug|ARM64
		{D6839D29-8C5B-461F-A23D-BF24BC1523A5}.Ad-Hoc|iPhone.ActiveCfg = Debug|x86
		{D6839D29-8C5B-461F-A23D-BF24BC1523A5}.Ad-Hoc|iPhone.Build.0 = Debug|x86
		{D6839D29-8C5B-461F-A23D-BF24BC1523A5}.Ad-Hoc|iPhone.Deploy.0 = Debug|x86
		{D6839D29-8C5B-461F-A23D-BF24BC1523A5}.Ad-Hoc|iPhoneSimulator.ActiveCfg = Debug|x86
		{D6839D29-8C5B-461F-A23D-BF24BC1523A5}.Ad-Hoc|iPhoneSimulator.Build.0 = Debug|x86
		{D6839D29-8C5B-461F-A23D-BF24BC1523A5}.Ad-Hoc|iPhoneSimulator.Deploy.0 = Debug|x86
		{D6839D29-8C5B-461F-A23D-BF24BC1523A5}.Ad-Hoc|x64.ActiveCfg = Debug|x64
		{D6839D29-8C5B-461F-A23D-BF24BC1523A5}.Ad-Hoc|x64.Build.0 = Debug|x64
		{D6839D29-8C5B-461F-A23D-BF24BC1523A5}.Ad-Hoc|x64.Deploy.0 = Debug|x64
		{D6839D29-8C5B-461F-A23D-BF24BC1523A5}.Ad-Hoc|x86.ActiveCfg = Debug|x86
		{D6839D29-8C5B-461F-A23D-BF24BC1523A5}.Ad-Hoc|x86.Build.0 = Debug|x86
		{D6839D29-8C5B-461F-A23D-BF24BC1523A5}.Ad-Hoc|x86.Deploy.0 = Debug|x86
		{D6839D29-8C5B-461F-A23D-BF24BC1523A5}.AppStore|Any CPU.ActiveCfg = Debug|x86
		{D6839D29-8C5B-461F-A23D-BF24BC1523A5}.AppStore|Any CPU.Build.0 = Debug|x86
		{D6839D29-8C5B-461F-A23D-BF24BC1523A5}.AppStore|Any CPU.Deploy.0 = Debug|x86
		{D6839D29-8C5B-461F-A23D-BF24BC1523A5}.AppStore|ARM.ActiveCfg = Debug|ARM
		{D6839D29-8C5B-461F-A23D-BF24BC1523A5}.AppStore|ARM.Build.0 = Debug|ARM
		{D6839D29-8C5B-461F-A23D-BF24BC1523A5}.AppStore|ARM.Deploy.0 = Debug|ARM
		{D6839D29-8C5B-461F-A23D-BF24BC1523A5}.AppStore|ARM64.ActiveCfg = Debug|ARM64
		{D6839D29-8C5B-461F-A23D-BF24BC1523A5}.AppStore|ARM64.Build.0 = Debug|ARM64
		{D6839D29-8C5B-461F-A23D-BF24BC1523A5}.AppStore|ARM64.Deploy.0 = Debug|ARM64
		{D6839D29-8C5B-461F-A23D-BF24BC1523A5}.AppStore|iPhone.ActiveCfg = Debug|x86
		{D6839D29-8C5B-461F-A23D-BF24BC1523A5}.AppStore|iPhone.Build.0 = Debug|x86
		{D6839D29-8C5B-461F-A23D-BF24BC1523A5}.AppStore|iPhone.Deploy.0 = Debug|x86
		{D6839D29-8C5B-461F-A23D-BF24BC1523A5}.AppStore|iPhoneSimulator.ActiveCfg = Debug|x86
		{D6839D29-8C5B-461F-A23D-BF24BC1523A5}.AppStore|iPhoneSimulator.Build.0 = Debug|x86
		{D6839D29-8C5B-461F-A23D-BF24BC1523A5}.AppStore|iPhoneSimulator.Deploy.0 = Debug|x86
		{D6839D29-8C5B-461F-A23D-BF24BC1523A5}.AppStore|x64.ActiveCfg = Debug|x64
		{D6839D29-8C5B-461F-A23D-BF24BC1523A5}.AppStore|x64.Build.0 = Debug|x64
		{D6839D29-8C5B-461F-A23D-BF24BC1523A5}.AppStore|x64.Deploy.0 = Debug|x64
		{D6839D29-8C5B-461F-A23D-BF24BC1523A5}.AppStore|x86.ActiveCfg = Debug|x86
		{D6839D29-8C5B-461F-A23D-BF24BC1523A5}.AppStore|x86.Build.0 = Debug|x86
		{D6839D29-8C5B-461F-A23D-BF24BC1523A5}.AppStore|x86.Deploy.0 = Debug|x86
		{D6839D29-8C5B-461F-A23D-BF24BC1523A5}.Debug|Any CPU.ActiveCfg = Debug|x86
		{D6839D29-8C5B-461F-A23D-BF24BC1523A5}.Debug|ARM.ActiveCfg = Debug|ARM
		{D6839D29-8C5B-461F-A23D-BF24BC1523A5}.Debug|ARM.Build.0 = Debug|ARM
		{D6839D29-8C5B-461F-A23D-BF24BC1523A5}.Debug|ARM.Deploy.0 = Debug|ARM
		{D6839D29-8C5B-461F-A23D-BF24BC1523A5}.Debug|ARM64.ActiveCfg = Debug|ARM64
		{D6839D29-8C5B-461F-A23D-BF24BC1523A5}.Debug|ARM64.Build.0 = Debug|ARM64
		{D6839D29-8C5B-461F-A23D-BF24BC1523A5}.Debug|ARM64.Deploy.0 = Debug|ARM64
		{D6839D29-8C5B-461F-A23D-BF24BC1523A5}.Debug|iPhone.ActiveCfg = Debug|x86
		{D6839D29-8C5B-461F-A23D-BF24BC1523A5}.Debug|iPhoneSimulator.ActiveCfg = Debug|x86
		{D6839D29-8C5B-461F-A23D-BF24BC1523A5}.Debug|x64.ActiveCfg = Debug|x64
		{D6839D29-8C5B-461F-A23D-BF24BC1523A5}.Debug|x64.Build.0 = Debug|x64
		{D6839D29-8C5B-461F-A23D-BF24BC1523A5}.Debug|x64.Deploy.0 = Debug|x64
		{D6839D29-8C5B-461F-A23D-BF24BC1523A5}.Debug|x86.ActiveCfg = Debug|x86
		{D6839D29-8C5B-461F-A23D-BF24BC1523A5}.Debug|x86.Build.0 = Debug|x86
		{D6839D29-8C5B-461F-A23D-BF24BC1523A5}.Debug|x86.Deploy.0 = Debug|x86
		{D6839D29-8C5B-461F-A23D-BF24BC1523A5}.Release|Any CPU.ActiveCfg = Release|x86
		{D6839D29-8C5B-461F-A23D-BF24BC1523A5}.Release|ARM.ActiveCfg = Release|ARM
		{D6839D29-8C5B-461F-A23D-BF24BC1523A5}.Release|ARM.Build.0 = Release|ARM
		{D6839D29-8C5B-461F-A23D-BF24BC1523A5}.Release|ARM.Deploy.0 = Release|ARM
		{D6839D29-8C5B-461F-A23D-BF24BC1523A5}.Release|ARM64.ActiveCfg = Release|ARM64
		{D6839D29-8C5B-461F-A23D-BF24BC1523A5}.Release|ARM64.Build.0 = Release|ARM64
		{D6839D29-8C5B-461F-A23D-BF24BC1523A5}.Release|ARM64.Deploy.0 = Release|ARM64
		{D6839D29-8C5B-461F-A23D-BF24BC1523A5}.Release|iPhone.ActiveCfg = Release|x86
		{D6839D29-8C5B-461F-A23D-BF24BC1523A5}.Release|iPhoneSimulator.ActiveCfg = Release|x86
		{D6839D29-8C5B-461F-A23D-BF24BC1523A5}.Release|x64.ActiveCfg = Release|x64
		{D6839D29-8C5B-461F-A23D-BF24BC1523A5}.Release|x64.Build.0 = Release|x64
		{D6839D29-8C5B-461F-A23D-BF24BC1523A5}.Release|x64.Deploy.0 = Release|x64
		{D6839D29-8C5B-461F-A23D-BF24BC1523A5}.Release|x86.ActiveCfg = Release|x86
		{D6839D29-8C5B-461F-A23D-BF24BC1523A5}.Release|x86.Build.0 = Release|x86
		{D6839D29-8C5B-461F-A23D-BF24BC1523A5}.Release|x86.Deploy.0 = Release|x86
		{8E4F8698-E005-4F85-8472-C4180BF68F3E}.Ad-Hoc|Any CPU.ActiveCfg = Debug|Any CPU
		{8E4F8698-E005-4F85-8472-C4180BF68F3E}.Ad-Hoc|Any CPU.Build.0 = Debug|Any CPU
		{8E4F8698-E005-4F85-8472-C4180BF68F3E}.Ad-Hoc|ARM.ActiveCfg = Debug|Any CPU
		{8E4F8698-E005-4F85-8472-C4180BF68F3E}.Ad-Hoc|ARM.Build.0 = Debug|Any CPU
		{8E4F8698-E005-4F85-8472-C4180BF68F3E}.Ad-Hoc|ARM64.ActiveCfg = Debug|Any CPU
		{8E4F8698-E005-4F85-8472-C4180BF68F3E}.Ad-Hoc|ARM64.Build.0 = Debug|Any CPU
		{8E4F8698-E005-4F85-8472-C4180BF68F3E}.Ad-Hoc|iPhone.ActiveCfg = Debug|Any CPU
		{8E4F8698-E005-4F85-8472-C4180BF68F3E}.Ad-Hoc|iPhone.Build.0 = Debug|Any CPU
		{8E4F8698-E005-4F85-8472-C4180BF68F3E}.Ad-Hoc|iPhoneSimulator.ActiveCfg = Debug|Any CPU
		{8E4F8698-E005-4F85-8472-C4180BF68F3E}.Ad-Hoc|iPhoneSimulator.Build.0 = Debug|Any CPU
		{8E4F8698-E005-4F85-8472-C4180BF68F3E}.Ad-Hoc|x64.ActiveCfg = Debug|Any CPU
		{8E4F8698-E005-4F85-8472-C4180BF68F3E}.Ad-Hoc|x64.Build.0 = Debug|Any CPU
		{8E4F8698-E005-4F85-8472-C4180BF68F3E}.Ad-Hoc|x86.ActiveCfg = Debug|Any CPU
		{8E4F8698-E005-4F85-8472-C4180BF68F3E}.Ad-Hoc|x86.Build.0 = Debug|Any CPU
		{8E4F8698-E005-4F85-8472-C4180BF68F3E}.AppStore|Any CPU.ActiveCfg = Debug|Any CPU
		{8E4F8698-E005-4F85-8472-C4180BF68F3E}.AppStore|Any CPU.Build.0 = Debug|Any CPU
		{8E4F8698-E005-4F85-8472-C4180BF68F3E}.AppStore|ARM.ActiveCfg = Debug|Any CPU
		{8E4F8698-E005-4F85-8472-C4180BF68F3E}.AppStore|ARM.Build.0 = Debug|Any CPU
		{8E4F8698-E005-4F85-8472-C4180BF68F3E}.AppStore|ARM64.ActiveCfg = Debug|Any CPU
		{8E4F8698-E005-4F85-8472-C4180BF68F3E}.AppStore|ARM64.Build.0 = Debug|Any CPU
		{8E4F8698-E005-4F85-8472-C4180BF68F3E}.AppStore|iPhone.ActiveCfg = Debug|Any CPU
		{8E4F8698-E005-4F85-8472-C4180BF68F3E}.AppStore|iPhone.Build.0 = Debug|Any CPU
		{8E4F8698-E005-4F85-8472-C4180BF68F3E}.AppStore|iPhoneSimulator.ActiveCfg = Debug|Any CPU
		{8E4F8698-E005-4F85-8472-C4180BF68F3E}.AppStore|iPhoneSimulator.Build.0 = Debug|Any CPU
		{8E4F8698-E005-4F85-8472-C4180BF68F3E}.AppStore|x64.ActiveCfg = Debug|Any CPU
		{8E4F8698-E005-4F85-8472-C4180BF68F3E}.AppStore|x64.Build.0 = Debug|Any CPU
		{8E4F8698-E005-4F85-8472-C4180BF68F3E}.AppStore|x86.ActiveCfg = Debug|Any CPU
		{8E4F8698-E005-4F85-8472-C4180BF68F3E}.AppStore|x86.Build.0 = Debug|Any CPU
		{8E4F8698-E005-4F85-8472-C4180BF68F3E}.Debug|Any CPU.ActiveCfg = Debug|Any CPU
		{8E4F8698-E005-4F85-8472-C4180BF68F3E}.Debug|Any CPU.Build.0 = Debug|Any CPU
		{8E4F8698-E005-4F85-8472-C4180BF68F3E}.Debug|ARM.ActiveCfg = Debug|Any CPU
		{8E4F8698-E005-4F85-8472-C4180BF68F3E}.Debug|ARM.Build.0 = Debug|Any CPU
		{8E4F8698-E005-4F85-8472-C4180BF68F3E}.Debug|ARM64.ActiveCfg = Debug|Any CPU
		{8E4F8698-E005-4F85-8472-C4180BF68F3E}.Debug|ARM64.Build.0 = Debug|Any CPU
		{8E4F8698-E005-4F85-8472-C4180BF68F3E}.Debug|iPhone.ActiveCfg = Debug|Any CPU
		{8E4F8698-E005-4F85-8472-C4180BF68F3E}.Debug|iPhone.Build.0 = Debug|Any CPU
		{8E4F8698-E005-4F85-8472-C4180BF68F3E}.Debug|iPhoneSimulator.ActiveCfg = Debug|Any CPU
		{8E4F8698-E005-4F85-8472-C4180BF68F3E}.Debug|iPhoneSimulator.Build.0 = Debug|Any CPU
		{8E4F8698-E005-4F85-8472-C4180BF68F3E}.Debug|x64.ActiveCfg = Debug|Any CPU
		{8E4F8698-E005-4F85-8472-C4180BF68F3E}.Debug|x64.Build.0 = Debug|Any CPU
		{8E4F8698-E005-4F85-8472-C4180BF68F3E}.Debug|x86.ActiveCfg = Debug|Any CPU
		{8E4F8698-E005-4F85-8472-C4180BF68F3E}.Debug|x86.Build.0 = Debug|Any CPU
		{8E4F8698-E005-4F85-8472-C4180BF68F3E}.Release|Any CPU.ActiveCfg = Release|Any CPU
		{8E4F8698-E005-4F85-8472-C4180BF68F3E}.Release|Any CPU.Build.0 = Release|Any CPU
		{8E4F8698-E005-4F85-8472-C4180BF68F3E}.Release|ARM.ActiveCfg = Release|Any CPU
		{8E4F8698-E005-4F85-8472-C4180BF68F3E}.Release|ARM.Build.0 = Release|Any CPU
		{8E4F8698-E005-4F85-8472-C4180BF68F3E}.Release|ARM64.ActiveCfg = Release|Any CPU
		{8E4F8698-E005-4F85-8472-C4180BF68F3E}.Release|ARM64.Build.0 = Release|Any CPU
		{8E4F8698-E005-4F85-8472-C4180BF68F3E}.Release|iPhone.ActiveCfg = Release|Any CPU
		{8E4F8698-E005-4F85-8472-C4180BF68F3E}.Release|iPhone.Build.0 = Release|Any CPU
		{8E4F8698-E005-4F85-8472-C4180BF68F3E}.Release|iPhoneSimulator.ActiveCfg = Release|Any CPU
		{8E4F8698-E005-4F85-8472-C4180BF68F3E}.Release|iPhoneSimulator.Build.0 = Release|Any CPU
		{8E4F8698-E005-4F85-8472-C4180BF68F3E}.Release|x64.ActiveCfg = Release|Any CPU
		{8E4F8698-E005-4F85-8472-C4180BF68F3E}.Release|x64.Build.0 = Release|Any CPU
		{8E4F8698-E005-4F85-8472-C4180BF68F3E}.Release|x86.ActiveCfg = Release|Any CPU
		{8E4F8698-E005-4F85-8472-C4180BF68F3E}.Release|x86.Build.0 = Release|Any CPU
		{C650F782-E9A3-4B96-8AE2-178D3127ACE1}.Ad-Hoc|Any CPU.ActiveCfg = Debug|iPhoneSimulator
		{C650F782-E9A3-4B96-8AE2-178D3127ACE1}.Ad-Hoc|Any CPU.Build.0 = Debug|iPhoneSimulator
		{C650F782-E9A3-4B96-8AE2-178D3127ACE1}.Ad-Hoc|ARM.ActiveCfg = Debug|iPhoneSimulator
		{C650F782-E9A3-4B96-8AE2-178D3127ACE1}.Ad-Hoc|ARM.Build.0 = Debug|iPhoneSimulator
		{C650F782-E9A3-4B96-8AE2-178D3127ACE1}.Ad-Hoc|ARM64.ActiveCfg = Debug|iPhoneSimulator
		{C650F782-E9A3-4B96-8AE2-178D3127ACE1}.Ad-Hoc|ARM64.Build.0 = Debug|iPhoneSimulator
		{C650F782-E9A3-4B96-8AE2-178D3127ACE1}.Ad-Hoc|iPhone.ActiveCfg = Debug|iPhoneSimulator
		{C650F782-E9A3-4B96-8AE2-178D3127ACE1}.Ad-Hoc|iPhone.Build.0 = Debug|iPhoneSimulator
		{C650F782-E9A3-4B96-8AE2-178D3127ACE1}.Ad-Hoc|iPhoneSimulator.ActiveCfg = Debug|iPhoneSimulator
		{C650F782-E9A3-4B96-8AE2-178D3127ACE1}.Ad-Hoc|iPhoneSimulator.Build.0 = Debug|iPhoneSimulator
		{C650F782-E9A3-4B96-8AE2-178D3127ACE1}.Ad-Hoc|x64.ActiveCfg = Debug|iPhoneSimulator
		{C650F782-E9A3-4B96-8AE2-178D3127ACE1}.Ad-Hoc|x64.Build.0 = Debug|iPhoneSimulator
		{C650F782-E9A3-4B96-8AE2-178D3127ACE1}.Ad-Hoc|x86.ActiveCfg = Debug|iPhoneSimulator
		{C650F782-E9A3-4B96-8AE2-178D3127ACE1}.Ad-Hoc|x86.Build.0 = Debug|iPhoneSimulator
		{C650F782-E9A3-4B96-8AE2-178D3127ACE1}.AppStore|Any CPU.ActiveCfg = Debug|iPhoneSimulator
		{C650F782-E9A3-4B96-8AE2-178D3127ACE1}.AppStore|Any CPU.Build.0 = Debug|iPhoneSimulator
		{C650F782-E9A3-4B96-8AE2-178D3127ACE1}.AppStore|ARM.ActiveCfg = Debug|iPhoneSimulator
		{C650F782-E9A3-4B96-8AE2-178D3127ACE1}.AppStore|ARM.Build.0 = Debug|iPhoneSimulator
		{C650F782-E9A3-4B96-8AE2-178D3127ACE1}.AppStore|ARM64.ActiveCfg = Debug|iPhoneSimulator
		{C650F782-E9A3-4B96-8AE2-178D3127ACE1}.AppStore|ARM64.Build.0 = Debug|iPhoneSimulator
		{C650F782-E9A3-4B96-8AE2-178D3127ACE1}.AppStore|iPhone.ActiveCfg = Debug|iPhoneSimulator
		{C650F782-E9A3-4B96-8AE2-178D3127ACE1}.AppStore|iPhone.Build.0 = Debug|iPhoneSimulator
		{C650F782-E9A3-4B96-8AE2-178D3127ACE1}.AppStore|iPhoneSimulator.ActiveCfg = Debug|iPhoneSimulator
		{C650F782-E9A3-4B96-8AE2-178D3127ACE1}.AppStore|iPhoneSimulator.Build.0 = Debug|iPhoneSimulator
		{C650F782-E9A3-4B96-8AE2-178D3127ACE1}.AppStore|x64.ActiveCfg = Debug|iPhoneSimulator
		{C650F782-E9A3-4B96-8AE2-178D3127ACE1}.AppStore|x64.Build.0 = Debug|iPhoneSimulator
		{C650F782-E9A3-4B96-8AE2-178D3127ACE1}.AppStore|x86.ActiveCfg = Debug|iPhoneSimulator
		{C650F782-E9A3-4B96-8AE2-178D3127ACE1}.AppStore|x86.Build.0 = Debug|iPhoneSimulator
		{C650F782-E9A3-4B96-8AE2-178D3127ACE1}.Debug|Any CPU.ActiveCfg = Debug|iPhoneSimulator
		{C650F782-E9A3-4B96-8AE2-178D3127ACE1}.Debug|ARM.ActiveCfg = Debug|iPhoneSimulator
		{C650F782-E9A3-4B96-8AE2-178D3127ACE1}.Debug|ARM64.ActiveCfg = Debug|iPhoneSimulator
		{C650F782-E9A3-4B96-8AE2-178D3127ACE1}.Debug|iPhone.ActiveCfg = Debug|iPhoneSimulator
		{C650F782-E9A3-4B96-8AE2-178D3127ACE1}.Debug|iPhoneSimulator.ActiveCfg = Debug|iPhoneSimulator
		{C650F782-E9A3-4B96-8AE2-178D3127ACE1}.Debug|iPhoneSimulator.Build.0 = Debug|iPhoneSimulator
		{C650F782-E9A3-4B96-8AE2-178D3127ACE1}.Debug|x64.ActiveCfg = Debug|iPhoneSimulator
		{C650F782-E9A3-4B96-8AE2-178D3127ACE1}.Debug|x86.ActiveCfg = Debug|iPhoneSimulator
		{C650F782-E9A3-4B96-8AE2-178D3127ACE1}.Release|Any CPU.ActiveCfg = Release|iPhoneSimulator
		{C650F782-E9A3-4B96-8AE2-178D3127ACE1}.Release|ARM.ActiveCfg = Release|iPhoneSimulator
		{C650F782-E9A3-4B96-8AE2-178D3127ACE1}.Release|ARM64.ActiveCfg = Release|iPhoneSimulator
		{C650F782-E9A3-4B96-8AE2-178D3127ACE1}.Release|iPhone.ActiveCfg = Release|iPhoneSimulator
		{C650F782-E9A3-4B96-8AE2-178D3127ACE1}.Release|iPhoneSimulator.ActiveCfg = Release|iPhoneSimulator
		{C650F782-E9A3-4B96-8AE2-178D3127ACE1}.Release|iPhoneSimulator.Build.0 = Release|iPhoneSimulator
		{C650F782-E9A3-4B96-8AE2-178D3127ACE1}.Release|x64.ActiveCfg = Release|iPhoneSimulator
		{C650F782-E9A3-4B96-8AE2-178D3127ACE1}.Release|x86.ActiveCfg = Release|iPhoneSimulator
		{2454338B-DF70-41F3-8532-5E2123739D8C}.Ad-Hoc|Any CPU.ActiveCfg = Debug|Any CPU
		{2454338B-DF70-41F3-8532-5E2123739D8C}.Ad-Hoc|Any CPU.Build.0 = Debug|Any CPU
		{2454338B-DF70-41F3-8532-5E2123739D8C}.Ad-Hoc|ARM.ActiveCfg = Debug|Any CPU
		{2454338B-DF70-41F3-8532-5E2123739D8C}.Ad-Hoc|ARM.Build.0 = Debug|Any CPU
		{2454338B-DF70-41F3-8532-5E2123739D8C}.Ad-Hoc|ARM64.ActiveCfg = Debug|Any CPU
		{2454338B-DF70-41F3-8532-5E2123739D8C}.Ad-Hoc|ARM64.Build.0 = Debug|Any CPU
		{2454338B-DF70-41F3-8532-5E2123739D8C}.Ad-Hoc|iPhone.ActiveCfg = Debug|Any CPU
		{2454338B-DF70-41F3-8532-5E2123739D8C}.Ad-Hoc|iPhone.Build.0 = Debug|Any CPU
		{2454338B-DF70-41F3-8532-5E2123739D8C}.Ad-Hoc|iPhoneSimulator.ActiveCfg = Debug|Any CPU
		{2454338B-DF70-41F3-8532-5E2123739D8C}.Ad-Hoc|iPhoneSimulator.Build.0 = Debug|Any CPU
		{2454338B-DF70-41F3-8532-5E2123739D8C}.Ad-Hoc|x64.ActiveCfg = Debug|Any CPU
		{2454338B-DF70-41F3-8532-5E2123739D8C}.Ad-Hoc|x64.Build.0 = Debug|Any CPU
		{2454338B-DF70-41F3-8532-5E2123739D8C}.Ad-Hoc|x86.ActiveCfg = Debug|Any CPU
		{2454338B-DF70-41F3-8532-5E2123739D8C}.Ad-Hoc|x86.Build.0 = Debug|Any CPU
		{2454338B-DF70-41F3-8532-5E2123739D8C}.AppStore|Any CPU.ActiveCfg = Debug|Any CPU
		{2454338B-DF70-41F3-8532-5E2123739D8C}.AppStore|Any CPU.Build.0 = Debug|Any CPU
		{2454338B-DF70-41F3-8532-5E2123739D8C}.AppStore|ARM.ActiveCfg = Debug|Any CPU
		{2454338B-DF70-41F3-8532-5E2123739D8C}.AppStore|ARM.Build.0 = Debug|Any CPU
		{2454338B-DF70-41F3-8532-5E2123739D8C}.AppStore|ARM64.ActiveCfg = Debug|Any CPU
		{2454338B-DF70-41F3-8532-5E2123739D8C}.AppStore|ARM64.Build.0 = Debug|Any CPU
		{2454338B-DF70-41F3-8532-5E2123739D8C}.AppStore|iPhone.ActiveCfg = Debug|Any CPU
		{2454338B-DF70-41F3-8532-5E2123739D8C}.AppStore|iPhone.Build.0 = Debug|Any CPU
		{2454338B-DF70-41F3-8532-5E2123739D8C}.AppStore|iPhoneSimulator.ActiveCfg = Debug|Any CPU
		{2454338B-DF70-41F3-8532-5E2123739D8C}.AppStore|iPhoneSimulator.Build.0 = Debug|Any CPU
		{2454338B-DF70-41F3-8532-5E2123739D8C}.AppStore|x64.ActiveCfg = Debug|Any CPU
		{2454338B-DF70-41F3-8532-5E2123739D8C}.AppStore|x64.Build.0 = Debug|Any CPU
		{2454338B-DF70-41F3-8532-5E2123739D8C}.AppStore|x86.ActiveCfg = Debug|Any CPU
		{2454338B-DF70-41F3-8532-5E2123739D8C}.AppStore|x86.Build.0 = Debug|Any CPU
		{2454338B-DF70-41F3-8532-5E2123739D8C}.Debug|Any CPU.ActiveCfg = Debug|Any CPU
		{2454338B-DF70-41F3-8532-5E2123739D8C}.Debug|Any CPU.Build.0 = Debug|Any CPU
		{2454338B-DF70-41F3-8532-5E2123739D8C}.Debug|ARM.ActiveCfg = Debug|Any CPU
		{2454338B-DF70-41F3-8532-5E2123739D8C}.Debug|ARM.Build.0 = Debug|Any CPU
		{2454338B-DF70-41F3-8532-5E2123739D8C}.Debug|ARM64.ActiveCfg = Debug|Any CPU
		{2454338B-DF70-41F3-8532-5E2123739D8C}.Debug|ARM64.Build.0 = Debug|Any CPU
		{2454338B-DF70-41F3-8532-5E2123739D8C}.Debug|iPhone.ActiveCfg = Debug|Any CPU
		{2454338B-DF70-41F3-8532-5E2123739D8C}.Debug|iPhone.Build.0 = Debug|Any CPU
		{2454338B-DF70-41F3-8532-5E2123739D8C}.Debug|iPhoneSimulator.ActiveCfg = Debug|Any CPU
		{2454338B-DF70-41F3-8532-5E2123739D8C}.Debug|iPhoneSimulator.Build.0 = Debug|Any CPU
		{2454338B-DF70-41F3-8532-5E2123739D8C}.Debug|x64.ActiveCfg = Debug|Any CPU
		{2454338B-DF70-41F3-8532-5E2123739D8C}.Debug|x64.Build.0 = Debug|Any CPU
		{2454338B-DF70-41F3-8532-5E2123739D8C}.Debug|x86.ActiveCfg = Debug|Any CPU
		{2454338B-DF70-41F3-8532-5E2123739D8C}.Debug|x86.Build.0 = Debug|Any CPU
		{2454338B-DF70-41F3-8532-5E2123739D8C}.Release|Any CPU.ActiveCfg = Release|Any CPU
		{2454338B-DF70-41F3-8532-5E2123739D8C}.Release|Any CPU.Build.0 = Release|Any CPU
		{2454338B-DF70-41F3-8532-5E2123739D8C}.Release|ARM.ActiveCfg = Release|Any CPU
		{2454338B-DF70-41F3-8532-5E2123739D8C}.Release|ARM.Build.0 = Release|Any CPU
		{2454338B-DF70-41F3-8532-5E2123739D8C}.Release|ARM64.ActiveCfg = Release|Any CPU
		{2454338B-DF70-41F3-8532-5E2123739D8C}.Release|ARM64.Build.0 = Release|Any CPU
		{2454338B-DF70-41F3-8532-5E2123739D8C}.Release|iPhone.ActiveCfg = Release|Any CPU
		{2454338B-DF70-41F3-8532-5E2123739D8C}.Release|iPhone.Build.0 = Release|Any CPU
		{2454338B-DF70-41F3-8532-5E2123739D8C}.Release|iPhoneSimulator.ActiveCfg = Release|Any CPU
		{2454338B-DF70-41F3-8532-5E2123739D8C}.Release|iPhoneSimulator.Build.0 = Release|Any CPU
		{2454338B-DF70-41F3-8532-5E2123739D8C}.Release|x64.ActiveCfg = Release|Any CPU
		{2454338B-DF70-41F3-8532-5E2123739D8C}.Release|x64.Build.0 = Release|Any CPU
		{2454338B-DF70-41F3-8532-5E2123739D8C}.Release|x86.ActiveCfg = Release|Any CPU
		{2454338B-DF70-41F3-8532-5E2123739D8C}.Release|x86.Build.0 = Release|Any CPU
		{CE4BDEA9-D44B-4A42-955A-413C1EC5867A}.Ad-Hoc|Any CPU.ActiveCfg = Debug|Any CPU
		{CE4BDEA9-D44B-4A42-955A-413C1EC5867A}.Ad-Hoc|Any CPU.Build.0 = Debug|Any CPU
		{CE4BDEA9-D44B-4A42-955A-413C1EC5867A}.Ad-Hoc|ARM.ActiveCfg = Debug|Any CPU
		{CE4BDEA9-D44B-4A42-955A-413C1EC5867A}.Ad-Hoc|ARM.Build.0 = Debug|Any CPU
		{CE4BDEA9-D44B-4A42-955A-413C1EC5867A}.Ad-Hoc|ARM64.ActiveCfg = Debug|Any CPU
		{CE4BDEA9-D44B-4A42-955A-413C1EC5867A}.Ad-Hoc|ARM64.Build.0 = Debug|Any CPU
		{CE4BDEA9-D44B-4A42-955A-413C1EC5867A}.Ad-Hoc|iPhone.ActiveCfg = Debug|Any CPU
		{CE4BDEA9-D44B-4A42-955A-413C1EC5867A}.Ad-Hoc|iPhone.Build.0 = Debug|Any CPU
		{CE4BDEA9-D44B-4A42-955A-413C1EC5867A}.Ad-Hoc|iPhoneSimulator.ActiveCfg = Debug|Any CPU
		{CE4BDEA9-D44B-4A42-955A-413C1EC5867A}.Ad-Hoc|iPhoneSimulator.Build.0 = Debug|Any CPU
		{CE4BDEA9-D44B-4A42-955A-413C1EC5867A}.Ad-Hoc|x64.ActiveCfg = Debug|Any CPU
		{CE4BDEA9-D44B-4A42-955A-413C1EC5867A}.Ad-Hoc|x64.Build.0 = Debug|Any CPU
		{CE4BDEA9-D44B-4A42-955A-413C1EC5867A}.Ad-Hoc|x86.ActiveCfg = Debug|Any CPU
		{CE4BDEA9-D44B-4A42-955A-413C1EC5867A}.Ad-Hoc|x86.Build.0 = Debug|Any CPU
		{CE4BDEA9-D44B-4A42-955A-413C1EC5867A}.AppStore|Any CPU.ActiveCfg = Debug|Any CPU
		{CE4BDEA9-D44B-4A42-955A-413C1EC5867A}.AppStore|Any CPU.Build.0 = Debug|Any CPU
		{CE4BDEA9-D44B-4A42-955A-413C1EC5867A}.AppStore|ARM.ActiveCfg = Debug|Any CPU
		{CE4BDEA9-D44B-4A42-955A-413C1EC5867A}.AppStore|ARM.Build.0 = Debug|Any CPU
		{CE4BDEA9-D44B-4A42-955A-413C1EC5867A}.AppStore|ARM64.ActiveCfg = Debug|Any CPU
		{CE4BDEA9-D44B-4A42-955A-413C1EC5867A}.AppStore|ARM64.Build.0 = Debug|Any CPU
		{CE4BDEA9-D44B-4A42-955A-413C1EC5867A}.AppStore|iPhone.ActiveCfg = Debug|Any CPU
		{CE4BDEA9-D44B-4A42-955A-413C1EC5867A}.AppStore|iPhone.Build.0 = Debug|Any CPU
		{CE4BDEA9-D44B-4A42-955A-413C1EC5867A}.AppStore|iPhoneSimulator.ActiveCfg = Debug|Any CPU
		{CE4BDEA9-D44B-4A42-955A-413C1EC5867A}.AppStore|iPhoneSimulator.Build.0 = Debug|Any CPU
		{CE4BDEA9-D44B-4A42-955A-413C1EC5867A}.AppStore|x64.ActiveCfg = Debug|Any CPU
		{CE4BDEA9-D44B-4A42-955A-413C1EC5867A}.AppStore|x64.Build.0 = Debug|Any CPU
		{CE4BDEA9-D44B-4A42-955A-413C1EC5867A}.AppStore|x86.ActiveCfg = Debug|Any CPU
		{CE4BDEA9-D44B-4A42-955A-413C1EC5867A}.AppStore|x86.Build.0 = Debug|Any CPU
		{CE4BDEA9-D44B-4A42-955A-413C1EC5867A}.Debug|Any CPU.ActiveCfg = Debug|Any CPU
		{CE4BDEA9-D44B-4A42-955A-413C1EC5867A}.Debug|Any CPU.Build.0 = Debug|Any CPU
		{CE4BDEA9-D44B-4A42-955A-413C1EC5867A}.Debug|ARM.ActiveCfg = Debug|Any CPU
		{CE4BDEA9-D44B-4A42-955A-413C1EC5867A}.Debug|ARM.Build.0 = Debug|Any CPU
		{CE4BDEA9-D44B-4A42-955A-413C1EC5867A}.Debug|ARM64.ActiveCfg = Debug|Any CPU
		{CE4BDEA9-D44B-4A42-955A-413C1EC5867A}.Debug|ARM64.Build.0 = Debug|Any CPU
		{CE4BDEA9-D44B-4A42-955A-413C1EC5867A}.Debug|iPhone.ActiveCfg = Debug|Any CPU
		{CE4BDEA9-D44B-4A42-955A-413C1EC5867A}.Debug|iPhone.Build.0 = Debug|Any CPU
		{CE4BDEA9-D44B-4A42-955A-413C1EC5867A}.Debug|iPhoneSimulator.ActiveCfg = Debug|Any CPU
		{CE4BDEA9-D44B-4A42-955A-413C1EC5867A}.Debug|iPhoneSimulator.Build.0 = Debug|Any CPU
		{CE4BDEA9-D44B-4A42-955A-413C1EC5867A}.Debug|x64.ActiveCfg = Debug|Any CPU
		{CE4BDEA9-D44B-4A42-955A-413C1EC5867A}.Debug|x64.Build.0 = Debug|Any CPU
		{CE4BDEA9-D44B-4A42-955A-413C1EC5867A}.Debug|x86.ActiveCfg = Debug|Any CPU
		{CE4BDEA9-D44B-4A42-955A-413C1EC5867A}.Debug|x86.Build.0 = Debug|Any CPU
		{CE4BDEA9-D44B-4A42-955A-413C1EC5867A}.Release|Any CPU.ActiveCfg = Release|Any CPU
		{CE4BDEA9-D44B-4A42-955A-413C1EC5867A}.Release|Any CPU.Build.0 = Release|Any CPU
		{CE4BDEA9-D44B-4A42-955A-413C1EC5867A}.Release|ARM.ActiveCfg = Release|Any CPU
		{CE4BDEA9-D44B-4A42-955A-413C1EC5867A}.Release|ARM.Build.0 = Release|Any CPU
		{CE4BDEA9-D44B-4A42-955A-413C1EC5867A}.Release|ARM64.ActiveCfg = Release|Any CPU
		{CE4BDEA9-D44B-4A42-955A-413C1EC5867A}.Release|ARM64.Build.0 = Release|Any CPU
		{CE4BDEA9-D44B-4A42-955A-413C1EC5867A}.Release|iPhone.ActiveCfg = Release|Any CPU
		{CE4BDEA9-D44B-4A42-955A-413C1EC5867A}.Release|iPhone.Build.0 = Release|Any CPU
		{CE4BDEA9-D44B-4A42-955A-413C1EC5867A}.Release|iPhoneSimulator.ActiveCfg = Release|Any CPU
		{CE4BDEA9-D44B-4A42-955A-413C1EC5867A}.Release|iPhoneSimulator.Build.0 = Release|Any CPU
		{CE4BDEA9-D44B-4A42-955A-413C1EC5867A}.Release|x64.ActiveCfg = Release|Any CPU
		{CE4BDEA9-D44B-4A42-955A-413C1EC5867A}.Release|x64.Build.0 = Release|Any CPU
		{CE4BDEA9-D44B-4A42-955A-413C1EC5867A}.Release|x86.ActiveCfg = Release|Any CPU
		{CE4BDEA9-D44B-4A42-955A-413C1EC5867A}.Release|x86.Build.0 = Release|Any CPU
		{89F64849-5B0A-4D18-9358-5EB897B9E947}.Ad-Hoc|Any CPU.ActiveCfg = Debug|Any CPU
		{89F64849-5B0A-4D18-9358-5EB897B9E947}.Ad-Hoc|Any CPU.Build.0 = Debug|Any CPU
		{89F64849-5B0A-4D18-9358-5EB897B9E947}.Ad-Hoc|ARM.ActiveCfg = Debug|Any CPU
		{89F64849-5B0A-4D18-9358-5EB897B9E947}.Ad-Hoc|ARM.Build.0 = Debug|Any CPU
		{89F64849-5B0A-4D18-9358-5EB897B9E947}.Ad-Hoc|ARM64.ActiveCfg = Debug|Any CPU
		{89F64849-5B0A-4D18-9358-5EB897B9E947}.Ad-Hoc|ARM64.Build.0 = Debug|Any CPU
		{89F64849-5B0A-4D18-9358-5EB897B9E947}.Ad-Hoc|iPhone.ActiveCfg = Debug|Any CPU
		{89F64849-5B0A-4D18-9358-5EB897B9E947}.Ad-Hoc|iPhone.Build.0 = Debug|Any CPU
		{89F64849-5B0A-4D18-9358-5EB897B9E947}.Ad-Hoc|iPhoneSimulator.ActiveCfg = Debug|Any CPU
		{89F64849-5B0A-4D18-9358-5EB897B9E947}.Ad-Hoc|iPhoneSimulator.Build.0 = Debug|Any CPU
		{89F64849-5B0A-4D18-9358-5EB897B9E947}.Ad-Hoc|x64.ActiveCfg = Debug|Any CPU
		{89F64849-5B0A-4D18-9358-5EB897B9E947}.Ad-Hoc|x64.Build.0 = Debug|Any CPU
		{89F64849-5B0A-4D18-9358-5EB897B9E947}.Ad-Hoc|x86.ActiveCfg = Debug|Any CPU
		{89F64849-5B0A-4D18-9358-5EB897B9E947}.Ad-Hoc|x86.Build.0 = Debug|Any CPU
		{89F64849-5B0A-4D18-9358-5EB897B9E947}.AppStore|Any CPU.ActiveCfg = Debug|Any CPU
		{89F64849-5B0A-4D18-9358-5EB897B9E947}.AppStore|Any CPU.Build.0 = Debug|Any CPU
		{89F64849-5B0A-4D18-9358-5EB897B9E947}.AppStore|ARM.ActiveCfg = Debug|Any CPU
		{89F64849-5B0A-4D18-9358-5EB897B9E947}.AppStore|ARM.Build.0 = Debug|Any CPU
		{89F64849-5B0A-4D18-9358-5EB897B9E947}.AppStore|ARM64.ActiveCfg = Debug|Any CPU
		{89F64849-5B0A-4D18-9358-5EB897B9E947}.AppStore|ARM64.Build.0 = Debug|Any CPU
		{89F64849-5B0A-4D18-9358-5EB897B9E947}.AppStore|iPhone.ActiveCfg = Debug|Any CPU
		{89F64849-5B0A-4D18-9358-5EB897B9E947}.AppStore|iPhone.Build.0 = Debug|Any CPU
		{89F64849-5B0A-4D18-9358-5EB897B9E947}.AppStore|iPhoneSimulator.ActiveCfg = Debug|Any CPU
		{89F64849-5B0A-4D18-9358-5EB897B9E947}.AppStore|iPhoneSimulator.Build.0 = Debug|Any CPU
		{89F64849-5B0A-4D18-9358-5EB897B9E947}.AppStore|x64.ActiveCfg = Debug|Any CPU
		{89F64849-5B0A-4D18-9358-5EB897B9E947}.AppStore|x64.Build.0 = Debug|Any CPU
		{89F64849-5B0A-4D18-9358-5EB897B9E947}.AppStore|x86.ActiveCfg = Debug|Any CPU
		{89F64849-5B0A-4D18-9358-5EB897B9E947}.AppStore|x86.Build.0 = Debug|Any CPU
		{89F64849-5B0A-4D18-9358-5EB897B9E947}.Debug|Any CPU.ActiveCfg = Debug|Any CPU
		{89F64849-5B0A-4D18-9358-5EB897B9E947}.Debug|Any CPU.Build.0 = Debug|Any CPU
		{89F64849-5B0A-4D18-9358-5EB897B9E947}.Debug|ARM.ActiveCfg = Debug|Any CPU
		{89F64849-5B0A-4D18-9358-5EB897B9E947}.Debug|ARM.Build.0 = Debug|Any CPU
		{89F64849-5B0A-4D18-9358-5EB897B9E947}.Debug|ARM64.ActiveCfg = Debug|Any CPU
		{89F64849-5B0A-4D18-9358-5EB897B9E947}.Debug|ARM64.Build.0 = Debug|Any CPU
		{89F64849-5B0A-4D18-9358-5EB897B9E947}.Debug|iPhone.ActiveCfg = Debug|Any CPU
		{89F64849-5B0A-4D18-9358-5EB897B9E947}.Debug|iPhone.Build.0 = Debug|Any CPU
		{89F64849-5B0A-4D18-9358-5EB897B9E947}.Debug|iPhoneSimulator.ActiveCfg = Debug|Any CPU
		{89F64849-5B0A-4D18-9358-5EB897B9E947}.Debug|iPhoneSimulator.Build.0 = Debug|Any CPU
		{89F64849-5B0A-4D18-9358-5EB897B9E947}.Debug|x64.ActiveCfg = Debug|Any CPU
		{89F64849-5B0A-4D18-9358-5EB897B9E947}.Debug|x64.Build.0 = Debug|Any CPU
		{89F64849-5B0A-4D18-9358-5EB897B9E947}.Debug|x86.ActiveCfg = Debug|Any CPU
		{89F64849-5B0A-4D18-9358-5EB897B9E947}.Debug|x86.Build.0 = Debug|Any CPU
		{89F64849-5B0A-4D18-9358-5EB897B9E947}.Release|Any CPU.ActiveCfg = Release|Any CPU
		{89F64849-5B0A-4D18-9358-5EB897B9E947}.Release|Any CPU.Build.0 = Release|Any CPU
		{89F64849-5B0A-4D18-9358-5EB897B9E947}.Release|ARM.ActiveCfg = Release|Any CPU
		{89F64849-5B0A-4D18-9358-5EB897B9E947}.Release|ARM.Build.0 = Release|Any CPU
		{89F64849-5B0A-4D18-9358-5EB897B9E947}.Release|ARM64.ActiveCfg = Release|Any CPU
		{89F64849-5B0A-4D18-9358-5EB897B9E947}.Release|ARM64.Build.0 = Release|Any CPU
		{89F64849-5B0A-4D18-9358-5EB897B9E947}.Release|iPhone.ActiveCfg = Release|Any CPU
		{89F64849-5B0A-4D18-9358-5EB897B9E947}.Release|iPhone.Build.0 = Release|Any CPU
		{89F64849-5B0A-4D18-9358-5EB897B9E947}.Release|iPhoneSimulator.ActiveCfg = Release|Any CPU
		{89F64849-5B0A-4D18-9358-5EB897B9E947}.Release|iPhoneSimulator.Build.0 = Release|Any CPU
		{89F64849-5B0A-4D18-9358-5EB897B9E947}.Release|x64.ActiveCfg = Release|Any CPU
		{89F64849-5B0A-4D18-9358-5EB897B9E947}.Release|x64.Build.0 = Release|Any CPU
		{89F64849-5B0A-4D18-9358-5EB897B9E947}.Release|x86.ActiveCfg = Release|Any CPU
		{89F64849-5B0A-4D18-9358-5EB897B9E947}.Release|x86.Build.0 = Release|Any CPU
	EndGlobalSection
	GlobalSection(SolutionProperties) = preSolution
		HideSolutionNode = FALSE
	EndGlobalSection
	GlobalSection(ExtensibilityGlobals) = postSolution
		SolutionGuid = {F990E60A-0D37-4468-AE5C-29DD0A4EEF2B}
	EndGlobalSection
EndGlobal
